
Microsoft Visual Studio Solution File, Format Version 12.00
# Visual Studio Version 16
VisualStudioVersion = 16.0.29613.14
MinimumVisualStudioVersion = 10.0.40219.1
Project("{FAE04EC0-301F-11D3-BF4B-00C04F79EFBC}") = "Digitalna ribarnica", "Digitalna ribarnica\Digitalna ribarnica.csproj", "{1D0EAEE2-AD94-4AD3-B32F-008B860B1E4F}"
EndProject
Project("{FAE04EC0-301F-11D3-BF4B-00C04F79EFBC}") = "Prijava", "Prijava\Prijava.csproj", "{C404D9AE-55C8-4ACB-9932-3D198BB005B7}"
EndProject
Project("{FAE04EC0-301F-11D3-BF4B-00C04F79EFBC}") = "Registracija", "Registracija\Registracija.csproj", "{893256CE-D8C3-4856-88BD-D2B18BC448F4}"
EndProject
Project("{FAE04EC0-301F-11D3-BF4B-00C04F79EFBC}") = "Baza", "Baza\Baza.csproj", "{995435A5-41EB-4598-8DB3-31F7DEB18CD7}"
EndProject
Project("{FAE04EC0-301F-11D3-BF4B-00C04F79EFBC}") = "RibeUSustavu", "RibeUSustavu\RibeUSustavu.csproj", "{B61FBBE0-0C61-4EDF-98AD-CD502C2B699C}"
EndProject
Project("{FAE04EC0-301F-11D3-BF4B-00C04F79EFBC}") = "Lokacije", "Lokacije\Lokacije.csproj", "{681CB769-455E-4801-9865-CF031AEFB695}"
EndProject
Project("{FAE04EC0-301F-11D3-BF4B-00C04F79EFBC}") = "Ponude", "Ponude\Ponude.csproj", "{1FB0C138-1351-49C3-A94C-8F80978C17D6}"
EndProject
Project("{FAE04EC0-301F-11D3-BF4B-00C04F79EFBC}") = "INSform", "INSform\INSform.csproj", "{7A77EA37-D108-414A-ABF4-B04CD1517D2E}"
EndProject
Project("{FAE04EC0-301F-11D3-BF4B-00C04F79EFBC}") = "Ocjene", "Ocjene\Ocjene.csproj", "{63BA02D3-4700-4262-A7B3-7597FA12A168}"
EndProject
Project("{FAE04EC0-301F-11D3-BF4B-00C04F79EFBC}") = "Chat", "Chat\Chat.csproj", "{33F0165B-E052-4C91-A77D-2DE05A597A66}"
EndProject
Project("{FAE04EC0-301F-11D3-BF4B-00C04F79EFBC}") = "SlanjePorukePonuditelju", "SlanjePorukePonuditelju\SlanjePorukePonuditelju.csproj", "{81EE4198-34E9-4855-86C1-1C8523CA7E31}"
EndProject
Project("{FAE04EC0-301F-11D3-BF4B-00C04F79EFBC}") = "Testovi", "Testovi\Testovi.csproj", "{6C361E18-32F5-45BC-A5CD-5B6074649696}"
EndProject
Global
	GlobalSection(SolutionConfigurationPlatforms) = preSolution
		Debug|Any CPU = Debug|Any CPU
		Release|Any CPU = Release|Any CPU
	EndGlobalSection
	GlobalSection(ProjectConfigurationPlatforms) = postSolution
		{1D0EAEE2-AD94-4AD3-B32F-008B860B1E4F}.Debug|Any CPU.ActiveCfg = Debug|Any CPU
		{1D0EAEE2-AD94-4AD3-B32F-008B860B1E4F}.Debug|Any CPU.Build.0 = Debug|Any CPU
		{1D0EAEE2-AD94-4AD3-B32F-008B860B1E4F}.Release|Any CPU.ActiveCfg = Release|Any CPU
		{1D0EAEE2-AD94-4AD3-B32F-008B860B1E4F}.Release|Any CPU.Build.0 = Release|Any CPU
		{C404D9AE-55C8-4ACB-9932-3D198BB005B7}.Debug|Any CPU.ActiveCfg = Debug|Any CPU
		{C404D9AE-55C8-4ACB-9932-3D198BB005B7}.Debug|Any CPU.Build.0 = Debug|Any CPU
		{C404D9AE-55C8-4ACB-9932-3D198BB005B7}.Release|Any CPU.ActiveCfg = Release|Any CPU
		{C404D9AE-55C8-4ACB-9932-3D198BB005B7}.Release|Any CPU.Build.0 = Release|Any CPU
		{893256CE-D8C3-4856-88BD-D2B18BC448F4}.Debug|Any CPU.ActiveCfg = Debug|Any CPU
		{893256CE-D8C3-4856-88BD-D2B18BC448F4}.Debug|Any CPU.Build.0 = Debug|Any CPU
		{893256CE-D8C3-4856-88BD-D2B18BC448F4}.Release|Any CPU.ActiveCfg = Release|Any CPU
		{893256CE-D8C3-4856-88BD-D2B18BC448F4}.Release|Any CPU.Build.0 = Release|Any CPU
		{995435A5-41EB-4598-8DB3-31F7DEB18CD7}.Debug|Any CPU.ActiveCfg = Debug|Any CPU
		{995435A5-41EB-4598-8DB3-31F7DEB18CD7}.Debug|Any CPU.Build.0 = Debug|Any CPU
		{995435A5-41EB-4598-8DB3-31F7DEB18CD7}.Release|Any CPU.ActiveCfg = Release|Any CPU
		{995435A5-41EB-4598-8DB3-31F7DEB18CD7}.Release|Any CPU.Build.0 = Release|Any CPU
		{B61FBBE0-0C61-4EDF-98AD-CD502C2B699C}.Debug|Any CPU.ActiveCfg = Debug|Any CPU
		{B61FBBE0-0C61-4EDF-98AD-CD502C2B699C}.Debug|Any CPU.Build.0 = Debug|Any CPU
		{B61FBBE0-0C61-4EDF-98AD-CD502C2B699C}.Release|Any CPU.ActiveCfg = Release|Any CPU
		{B61FBBE0-0C61-4EDF-98AD-CD502C2B699C}.Release|Any CPU.Build.0 = Release|Any CPU
		{681CB769-455E-4801-9865-CF031AEFB695}.Debug|Any CPU.ActiveCfg = Debug|Any CPU
		{681CB769-455E-4801-9865-CF031AEFB695}.Debug|Any CPU.Build.0 = Debug|Any CPU
		{681CB769-455E-4801-9865-CF031AEFB695}.Release|Any CPU.ActiveCfg = Release|Any CPU
		{681CB769-455E-4801-9865-CF031AEFB695}.Release|Any CPU.Build.0 = Release|Any CPU
		{1FB0C138-1351-49C3-A94C-8F80978C17D6}.Debug|Any CPU.ActiveCfg = Debug|Any CPU
		{1FB0C138-1351-49C3-A94C-8F80978C17D6}.Debug|Any CPU.Build.0 = Debug|Any CPU
		{1FB0C138-1351-49C3-A94C-8F80978C17D6}.Release|Any CPU.ActiveCfg = Release|Any CPU
		{1FB0C138-1351-49C3-A94C-8F80978C17D6}.Release|Any CPU.Build.0 = Release|Any CPU
		{7A77EA37-D108-414A-ABF4-B04CD1517D2E}.Debug|Any CPU.ActiveCfg = Debug|Any CPU
		{7A77EA37-D108-414A-ABF4-B04CD1517D2E}.Debug|Any CPU.Build.0 = Debug|Any CPU
		{7A77EA37-D108-414A-ABF4-B04CD1517D2E}.Release|Any CPU.ActiveCfg = Release|Any CPU
		{7A77EA37-D108-414A-ABF4-B04CD1517D2E}.Release|Any CPU.Build.0 = Release|Any CPU
		{63BA02D3-4700-4262-A7B3-7597FA12A168}.Debug|Any CPU.ActiveCfg = Debug|Any CPU
		{63BA02D3-4700-4262-A7B3-7597FA12A168}.Debug|Any CPU.Build.0 = Debug|Any CPU
		{63BA02D3-4700-4262-A7B3-7597FA12A168}.Release|Any CPU.ActiveCfg = Release|Any CPU
		{63BA02D3-4700-4262-A7B3-7597FA12A168}.Release|Any CPU.Build.0 = Release|Any CPU
		{33F0165B-E052-4C91-A77D-2DE05A597A66}.Debug|Any CPU.ActiveCfg = Debug|Any CPU
		{33F0165B-E052-4C91-A77D-2DE05A597A66}.Debug|Any CPU.Build.0 = Debug|Any CPU
		{33F0165B-E052-4C91-A77D-2DE05A597A66}.Release|Any CPU.ActiveCfg = Release|Any CPU
		{33F0165B-E052-4C91-A77D-2DE05A597A66}.Release|Any CPU.Build.0 = Release|Any CPU
		{81EE4198-34E9-4855-86C1-1C8523CA7E31}.Debug|Any CPU.ActiveCfg = Debug|Any CPU
		{81EE4198-34E9-4855-86C1-1C8523CA7E31}.Debug|Any CPU.Build.0 = Debug|Any CPU
		{81EE4198-34E9-4855-86C1-1C8523CA7E31}.Release|Any CPU.ActiveCfg = Release|Any CPU
		{81EE4198-34E9-4855-86C1-1C8523CA7E31}.Release|Any CPU.Build.0 = Release|Any CPU
		{6C361E18-32F5-45BC-A5CD-5B6074649696}.Debug|Any CPU.ActiveCfg = Debug|Any CPU
		{6C361E18-32F5-45BC-A5CD-5B6074649696}.Debug|Any CPU.Build.0 = Debug|Any CPU
		{6C361E18-32F5-45BC-A5CD-5B6074649696}.Release|Any CPU.ActiveCfg = Release|Any CPU
		{6C361E18-32F5-45BC-A5CD-5B6074649696}.Release|Any CPU.Build.0 = Release|Any CPU
	EndGlobalSection
	GlobalSection(SolutionProperties) = preSolution
		HideSolutionNode = FALSE
	EndGlobalSection
	GlobalSection(ExtensibilityGlobals) = postSolution
		SolutionGuid = {BFF5C067-6163-42D6-8295-3EE2E8E8AA91}
	EndGlobalSection
EndGlobal
